uuid: aba130ef-e5c0-4dfd-a3a0-c8d424c765c2
langcode: en
status: true
dependencies:
  config:
    - block_content.type.basic
    - core.entity_view_mode.block_content.full
  module:
    - block_content
    - entity_embed
label: 'Custom block'
id: custom_block
type_id: entity
type_settings:
  entity_type: block_content
  bundles:
    - basic
  display_plugins:
    - 'view_mode:block_content.full'
  entity_browser: ''
  entity_browser_settings:
    display_review: false
icon: {  }
icon_uuid: null
