uuid: b7b2c485-982b-436c-85b0-98db60cc50c0
langcode: en
status: true
dependencies:
  config:
    - field.storage.node.field_hide_related_content_block
    - node.type.point_of_interest
  module:
    - builder_notes
third_party_settings:
  builder_notes:
    notes: ''
id: node.point_of_interest.field_hide_related_content_block
field_name: field_hide_related_content_block
entity_type: node
bundle: point_of_interest
label: 'Hide related content block'
description: ''
required: false
translatable: true
default_value:
  -
    value: 0
default_value_callback: ''
settings:
  on_label: 'On'
  off_label: 'Off'
field_type: boolean
